Microsoft Visual Studio Solution File, Format Version 12.00
# Visual Studio Version 17
VisualStudioVersion = 17.5.2.0
MinimumVisualStudioVersion = 10.0.40219.1
Project("{FAE04EC0-301F-11D3-BF4B-00C04F79EFBC}") = "Ptice", "Ptice.csproj", "{C6BF40A6-D731-F1DA-CFA1-ADD10DCE8E03}"
EndProject
Global
	GlobalSection(SolutionConfigurationPlatforms) = preSolution
		Debug|Any CPU = Debug|Any CPU
		Release|Any CPU = Release|Any CPU
	EndGlobalSection
	GlobalSection(ProjectConfigurationPlatforms) = postSolution
		{C6BF40A6-D731-F1DA-CFA1-ADD10DCE8E03}.Debug|Any CPU.ActiveCfg = Debug|Any CPU
		{C6BF40A6-D731-F1DA-CFA1-ADD10DCE8E03}.Debug|Any CPU.Build.0 = Debug|Any CPU
		{C6BF40A6-D731-F1DA-CFA1-ADD10DCE8E03}.Release|Any CPU.ActiveCfg = Release|Any CPU
		{C6BF40A6-D731-F1DA-CFA1-ADD10DCE8E03}.Release|Any CPU.Build.0 = Release|Any CPU
	EndGlobalSection
	GlobalSection(SolutionProperties) = preSolution
		HideSolutionNode = FALSE
	EndGlobalSection
	GlobalSection(ExtensibilityGlobals) = postSolution
		SolutionGuid = {F7D28348-0480-4BA8-AD50-2BF708CAFCC8}
	EndGlobalSection
EndGlobal
