Microsoft Visual Studio Solution File, Format Version 12.00
# Visual Studio Version 17
VisualStudioVersion = 17.5.2.0
MinimumVisualStudioVersion = 10.0.40219.1
Project("{FAE04EC0-301F-11D3-BF4B-00C04F79EFBC}") = "Jun2024", "Jun2024.csproj", "{94C7B717-B1A8-9C71-A669-56BF887F0C73}"
EndProject
Global
	GlobalSection(SolutionConfigurationPlatforms) = preSolution
		Debug|Any CPU = Debug|Any CPU
		Release|Any CPU = Release|Any CPU
	EndGlobalSection
	GlobalSection(ProjectConfigurationPlatforms) = postSolution
		{94C7B717-B1A8-9C71-A669-56BF887F0C73}.Debug|Any CPU.ActiveCfg = Debug|Any CPU
		{94C7B717-B1A8-9C71-A669-56BF887F0C73}.Debug|Any CPU.Build.0 = Debug|Any CPU
		{94C7B717-B1A8-9C71-A669-56BF887F0C73}.Release|Any CPU.ActiveCfg = Release|Any CPU
		{94C7B717-B1A8-9C71-A669-56BF887F0C73}.Release|Any CPU.Build.0 = Release|Any CPU
	EndGlobalSection
	GlobalSection(SolutionProperties) = preSolution
		HideSolutionNode = FALSE
	EndGlobalSection
	GlobalSection(ExtensibilityGlobals) = postSolution
		SolutionGuid = {6A7C3075-543D-4717-ABAF-A29740427687}
	EndGlobalSection
EndGlobal
