Microsoft Visual Studio Solution File, Format Version 12.00
# Visual Studio Version 17
VisualStudioVersion = 17.5.2.0
MinimumVisualStudioVersion = 10.0.40219.1
Project("{FAE04EC0-301F-11D3-BF4B-00C04F79EFBC}") = "Biljke", "Biljke.csproj", "{09F5DFA9-4249-268F-F775-1496B4160067}"
EndProject
Global
	GlobalSection(SolutionConfigurationPlatforms) = preSolution
		Debug|Any CPU = Debug|Any CPU
		Release|Any CPU = Release|Any CPU
	EndGlobalSection
	GlobalSection(ProjectConfigurationPlatforms) = postSolution
		{09F5DFA9-4249-268F-F775-1496B4160067}.Debug|Any CPU.ActiveCfg = Debug|Any CPU
		{09F5DFA9-4249-268F-F775-1496B4160067}.Debug|Any CPU.Build.0 = Debug|Any CPU
		{09F5DFA9-4249-268F-F775-1496B4160067}.Release|Any CPU.ActiveCfg = Release|Any CPU
		{09F5DFA9-4249-268F-F775-1496B4160067}.Release|Any CPU.Build.0 = Release|Any CPU
	EndGlobalSection
	GlobalSection(SolutionProperties) = preSolution
		HideSolutionNode = FALSE
	EndGlobalSection
	GlobalSection(ExtensibilityGlobals) = postSolution
		SolutionGuid = {D5E1F2B5-0E14-4B9A-8989-850034B1C6B0}
	EndGlobalSection
EndGlobal
